
Microsoft Visual Studio Solution File, Format Version 12.00
# Visual Studio Version 17
VisualStudioVersion = 17.0.32126.317
MinimumVisualStudioVersion = 10.0.40219.1
Project("{FAE04EC0-301F-11D3-BF4B-00C04F79EFBC}") = "AoELanServerLauncher", "AoELanServerLauncher\AoELanServerLauncher.csproj", "{17CDE134-041E-4DEC-82A6-BEE8CF2D55FC}"
EndProject
Project("{FAE04EC0-301F-11D3-BF4B-00C04F79EFBC}") = "NetworkHook", "NetworkHook\NetworkHook.csproj", "{5334C60B-343B-40C5-B81F-832388F65DE7}"
EndProject
Project("{FAE04EC0-301F-11D3-BF4B-00C04F79EFBC}") = "InternetSimulation", "InternetSimulation\InternetSimulation.csproj", "{A46FCEE6-1E68-480E-B420-2385FD95DB18}"
EndProject
Global
	GlobalSection(SolutionConfigurationPlatforms) = preSolution
		Debug|Any CPU = Debug|Any CPU
		Release|Any CPU = Release|Any CPU
	EndGlobalSection
	GlobalSection(ProjectConfigurationPlatforms) = postSolution
		{17CDE134-041E-4DEC-82A6-BEE8CF2D55FC}.Debug|Any CPU.ActiveCfg = Debug|Any CPU
		{17CDE134-041E-4DEC-82A6-BEE8CF2D55FC}.Debug|Any CPU.Build.0 = Debug|Any CPU
		{17CDE134-041E-4DEC-82A6-BEE8CF2D55FC}.Release|Any CPU.ActiveCfg = Release|Any CPU
		{17CDE134-041E-4DEC-82A6-BEE8CF2D55FC}.Release|Any CPU.Build.0 = Release|Any CPU
		{5334C60B-343B-40C5-B81F-832388F65DE7}.Debug|Any CPU.ActiveCfg = Debug|Any CPU
		{5334C60B-343B-40C5-B81F-832388F65DE7}.Debug|Any CPU.Build.0 = Debug|Any CPU
		{5334C60B-343B-40C5-B81F-832388F65DE7}.Release|Any CPU.ActiveCfg = Release|Any CPU
		{5334C60B-343B-40C5-B81F-832388F65DE7}.Release|Any CPU.Build.0 = Release|Any CPU
		{A46FCEE6-1E68-480E-B420-2385FD95DB18}.Debug|Any CPU.ActiveCfg = Debug|Any CPU
		{A46FCEE6-1E68-480E-B420-2385FD95DB18}.Debug|Any CPU.Build.0 = Debug|Any CPU
		{A46FCEE6-1E68-480E-B420-2385FD95DB18}.Release|Any CPU.ActiveCfg = Release|Any CPU
		{A46FCEE6-1E68-480E-B420-2385FD95DB18}.Release|Any CPU.Build.0 = Release|Any CPU
	EndGlobalSection
	GlobalSection(SolutionProperties) = preSolution
		HideSolutionNode = FALSE
	EndGlobalSection
	GlobalSection(ExtensibilityGlobals) = postSolution
		SolutionGuid = {DA5DF83F-213A-4FA9-AFF1-290091744F54}
	EndGlobalSection
EndGlobal
